// !$*UTF8*$!
{
	archiveVersion = 1;
	classes = {
	};
	objectVersion = 46;
	objects = {

/* Begin PBXBuildFile section */
		51DC55A61671C190006840E5 /* UIKit.framework in Frameworks */ = {isa = PBXBuildFile; fileRef = 51DC55A51671C190006840E5 /* UIKit.framework */; };
		51DC55A81671C190006840E5 /* Foundation.framework in Frameworks */ = {isa = PBXBuildFile; fileRef = 51DC55A71671C190006840E5 /* Foundation.framework */; };
		51DC55AA1671C190006840E5 /* CoreGraphics.framework in Frameworks */ = {isa = PBXBuildFile; fileRef = 51DC55A91671C190006840E5 /* CoreGraphics.framework */; };
		51DC55B01671C190006840E5 /* InfoPlist.strings in Resources */ = {isa = PBXBuildFile; fileRef = 51DC55AE1671C190006840E5 /* InfoPlist.strings */; };
		51DC55B21671C190006840E5 /* main.m in Sources */ = {isa = PBXBuildFile; fileRef = 51DC55B11671C190006840E5 /* main.m */; };
		51DC55B61671C190006840E5 /* AppDelegate.m in Sources */ = {isa = PBXBuildFile; fileRef = 51DC55B51671C190006840E5 /* AppDelegate.m */; };
		51DC55B81671C190006840E5 /* Default.png in Resources */ = {isa = PBXBuildFile; fileRef = 51DC55B71671C190006840E5 /* Default.png */; };
		51DC55BA1671C190006840E5 /* Default@2x.png in Resources */ = {isa = PBXBuildFile; fileRef = 51DC55B91671C190006840E5 /* Default@2x.png */; };
		51DC55BC1671C190006840E5 /* Default-568h@2x.png in Resources */ = {isa = PBXBuildFile; fileRef = 51DC55BB1671C190006840E5 /* Default-568h@2x.png */; };
/* End PBXBuildFile section */

/* Begin PBXFileReference section */
		51DC55A11671C190006840E5 /* Hello_Empty.app */ = {isa = PBXFileReference; explicitFileType = wrapper.application; includeInIndex = 0; path = Hello_Empty.app; sourceTree = BUILT_PRODUCTS_DIR; };
		51DC55A51671C190006840E5 /* UIKit.framework */ = {isa = PBXFileReference; lastKnownFileType = wrapper.framework; name = UIKit.framework; path = System/Library/Frameworks/UIKit.framework; sourceTree = SDKROOT; };
		51DC55A71671C190006840E5 /* Foundation.framework */ = {isa = PBXFileReference; lastKnownFileType = wrapper.framework; name = Foundation.framework; path = System/Library/Frameworks/Foundation.framework; sourceTree = SDKROOT; };
		51DC55A91671C190006840E5 /* CoreGraphics.framework */ = {isa = PBXFileReference; lastKnownFileType = wrapper.framework; name = CoreGraphics.framework; path = System/Library/Frameworks/CoreGraphics.framework; sourceTree = SDKROOT; };
		51DC55AD1671C190006840E5 /* Hello_Empty-Info.plist */ = {isa = PBXFileReference; lastKnownFileType = text.plist.xml; path = "Hello_Empty-Info.plist"; sourceTree = "<group>"; };
		51DC55AF1671C190006840E5 /* en */ = {isa = PBXFileReference; lastKnownFileType = text.plist.strings; name = en; path = en.lproj/InfoPlist.strings; sourceTree = "<group>"; };
		51DC55B11671C190006840E5 /* main.m */ = {isa = PBXFileReference; lastKnownFileType = sourcecode.c.objc; path = main.m; sourceTree = "<group>"; };
		51DC55B31671C190006840E5 /* Hello_Empty-Prefix.pch */ = {isa = PBXFileReference; lastKnownFileType = sourcecode.c.h; path = "Hello_Empty-Prefix.pch"; sourceTree = "<group>"; };
		51DC55B41671C190006840E5 /* AppDelegate.h */ = {isa = PBXFileReference; lastKnownFileType = sourcecode.c.h; path = AppDelegate.h; sourceTree = "<group>"; };
		51DC55B51671C190006840E5 /* AppDelegate.m */ = {isa = PBXFileReference; lastKnownFileType = sourcecode.c.objc; path = AppDelegate.m; sourceTree = "<group>"; };
		51DC55B71671C190006840E5 /* Default.png */ = {isa = PBXFileReference; lastKnownFileType = image.png; path = Default.png; sourceTree = "<group>"; };
		51DC55B91671C190006840E5 /* Default@2x.png */ = {isa = PBXFileReference; lastKnownFileType = image.png; path = "Default@2x.png"; sourceTree = "<group>"; };
		51DC55BB1671C190006840E5 /* Default-568h@2x.png */ = {isa = PBXFileReference; lastKnownFileType = image.png; path = "Default-568h@2x.png"; sourceTree = "<group>"; };
/* End PBXFileReference section */

/* Begin PBXFrameworksBuildPhase section */
		51DC559E1671C190006840E5 /* Frameworks */ = {
			isa = PBXFrameworksBuildPhase;
			buildActionMask = 2147483647;
			files = (
				51DC55A61671C190006840E5 /* UIKit.framework in Frameworks */,
				51DC55A81671C190006840E5 /* Foundation.framework in Frameworks */,
				51DC55AA1671C190006840E5 /* CoreGraphics.framework in Frameworks */,
			);
			runOnlyForDeploymentPostprocessing = 0;
		};
/* End PBXFrameworksBuildPhase section */

/* Begin PBXGroup section */
		51DC55961671C190006840E5 = {
			isa = PBXGroup;
			children = (
				51DC55AB1671C190006840E5 /* Hello_Empty */,
				51DC55A41671C190006840E5 /* Frameworks */,
				51DC55A21671C190006840E5 /* Products */,
			);
			sourceTree = "<group>";
		};
		51DC55A21671C190006840E5 /* Products */ = {
			isa = PBXGroup;
			children = (
				51DC55A11671C190006840E5 /* Hello_Empty.app */,
			);
			name = Products;
			sourceTree = "<group>";
		};
		51DC55A41671C190006840E5 /* Frameworks */ = {
			isa = PBXGroup;
			children = (
				51DC55A51671C190006840E5 /* UIKit.framework */,
				51DC55A71671C190006840E5 /* Foundation.framework */,
				51DC55A91671C190006840E5 /* CoreGraphics.framework */,
			);
			name = Frameworks;
			sourceTree = "<group>";
		};
		51DC55AB1671C190006840E5 /* Hello_Empty */ = {
			isa = PBXGroup;
			children = (
				51DC55B41671C190006840E5 /* AppDelegate.h */,
				51DC55B51671C190006840E5 /* AppDelegate.m */,
				51DC55AC1671C190006840E5 /* Supporting Files */,
			);
			path = Hello_Empty;
			sourceTree = "<group>";
		};
		51DC55AC1671C190006840E5 /* Supporting Files */ = {
			isa = PBXGroup;
			children = (
				51DC55AD1671C190006840E5 /* Hello_Empty-Info.plist */,
				51DC55AE1671C190006840E5 /* InfoPlist.strings */,
				51DC55B11671C190006840E5 /* main.m */,
				51DC55B31671C190006840E5 /* Hello_Empty-Prefix.pch */,
				51DC55B71671C190006840E5 /* Default.png */,
				51DC55B91671C190006840E5 /* Default@2x.png */,
				51DC55BB1671C190006840E5 /* Default-568h@2x.png */,
			);
			name = "Supporting Files";
			sourceTree = "<group>";
		};
/* End PBXGroup section */

/* Begin PBXNativeTarget section */
		51DC55A01671C190006840E5 /* Hello_Empty */ = {
			isa = PBXNativeTarget;
			buildConfigurationList = 51DC55BF1671C190006840E5 /* Build configuration list for PBXNativeTarget "Hello_Empty" */;
			buildPhases = (
				51DC559D1671C190006840E5 /* Sources */,
				51DC559E1671C190006840E5 /* Frameworks */,
				51DC559F1671C190006840E5 /* Resources */,
			);
			buildRules = (
			);
			dependencies = (
			);
			name = Hello_Empty;
			productName = Hello_Empty;
			productReference = 51DC55A11671C190006840E5 /* Hello_Empty.app */;
			productType = "com.apple.product-type.application";
		};
/* End PBXNativeTarget section */

/* Begin PBXProject section */
		51DC55981671C190006840E5 /* Project object */ = {
			isa = PBXProject;
			attributes = {
				LastUpgradeCheck = 0450;
				ORGANIZATIONNAME = Nayamode;
			};
			buildConfigurationList = 51DC559B1671C190006840E5 /* Build configuration list for PBXProject "Hello_Empty" */;
			compatibilityVersion = "Xcode 3.2";
			developmentRegion = English;
			hasScannedForEncodings = 0;
			knownRegions = (
				en,
			);
			mainGroup = 51DC55961671C190006840E5;
			productRefGroup = 51DC55A21671C190006840E5 /* Products */;
			projectDirPath = "";
			projectRoot = "";
			targets = (
				51DC55A01671C190006840E5 /* Hello_Empty */,
			);
		};
/* End PBXProject section */

/* Begin PBXResourcesBuildPhase section */
		51DC559F1671C190006840E5 /* Resources */ = {
			isa = PBXResourcesBuildPhase;
			buildActionMask = 2147483647;
			files = (
				51DC55B01671C190006840E5 /* InfoPlist.strings in Resources */,
				51DC55B81671C190006840E5 /* Default.png in Resources */,
				51DC55BA1671C190006840E5 /* Default@2x.png in Resources */,
				51DC55BC1671C190006840E5 /* Default-568h@2x.png in Resources */,
			);
			runOnlyForDeploymentPostprocessing = 0;
		};
/* End PBXResourcesBuildPhase section */

/* Begin PBXSourcesBuildPhase section */
		51DC559D1671C190006840E5 /* Sources */ = {
			isa = PBXSourcesBuildPhase;
			buildActionMask = 2147483647;
			files = (
				51DC55B21671C190006840E5 /* main.m in Sources */,
				51DC55B61671C190006840E5 /* AppDelegate.m in Sources */,
			);
			runOnlyForDeploymentPostprocessing = 0;
		};
/* End PBXSourcesBuildPhase section */

/* Begin PBXVariantGroup section */
		51DC55AE1671C190006840E5 /* InfoPlist.strings */ = {
			isa = PBXVariantGroup;
			children = (
				51DC55AF1671C190006840E5 /* en */,
			);
			name = InfoPlist.strings;
			sourceTree = "<group>";
		};
/* End PBXVariantGroup section */

/* Begin XCBuildConfiguration section */
		51DC55BD1671C190006840E5 /* Debug */ = {
			isa = XCBuildConfiguration;
			buildSettings = {
				ALWAYS_SEARCH_USER_PATHS = NO;
				CLANG_CXX_LANGUAGE_STANDARD = "gnu++0x";
				CLANG_CXX_LIBRARY = "libc++";
				CLANG_ENABLE_OBJC_ARC = YES;
				CLANG_WARN_EMPTY_BODY = YES;
				CLANG_WARN__DUPLICATE_METHOD_MATCH = YES;
				"CODE_SIGN_IDENTITY[sdk=iphoneos*]" = "iPhone Developer";
				COPY_PHASE_STRIP = NO;
				GCC_C_LANGUAGE_STANDARD = gnu99;
				GCC_DYNAMIC_NO_PIC = NO;
				GCC_OPTIMIZATION_LEVEL = 0;
				GCC_PREPROCESSOR_DEFINITIONS = (
					"DEBUG=1",
					"$(inherited)",
				);
				GCC_SYMBOLS_PRIVATE_EXTERN = NO;
				GCC_WARN_ABOUT_RETURN_TYPE = YES;
				GCC_WARN_UNINITIALIZED_AUTOS = YES;
				GCC_WARN_UNUSED_VARIABLE = YES;
				IPHONEOS_DEPLOYMENT_TARGET = 6.0;
				ONLY_ACTIVE_ARCH = YES;
				SDKROOT = iphoneos;
			};
			name = Debug;
		};
		51DC55BE1671C190006840E5 /* Release */ = {
			isa = XCBuildConfiguration;
			buildSettings = {
				ALWAYS_SEARCH_USER_PATHS = NO;
				CLANG_CXX_LANGUAGE_STANDARD = "gnu++0x";
				CLANG_CXX_LIBRARY = "libc++";
				CLANG_ENABLE_OBJC_ARC = YES;
				CLANG_WARN_EMPTY_BODY = YES;
				CLANG_WARN__DUPLICATE_METHOD_MATCH = YES;
				"CODE_SIGN_IDENTITY[sdk=iphoneos*]" = "iPhone Developer";
				COPY_PHASE_STRIP = YES;
				GCC_C_LANGUAGE_STANDARD = gnu99;
				GCC_WARN_ABOUT_RETURN_TYPE = YES;
				GCC_WARN_UNINITIALIZED_AUTOS = YES;
				GCC_WARN_UNUSED_VARIABLE = YES;
				IPHONEOS_DEPLOYMENT_TARGET = 6.0;
				OTHER_CFLAGS = "-DNS_BLOCK_ASSERTIONS=1";
				SDKROOT = iphoneos;
				VALIDATE_PRODUCT = YES;
			};
			name = Release;
		};
		51DC55C01671C190006840E5 /* Debug */ = {
			isa = XCBuildConfiguration;
			buildSettings = {
				GCC_PRECOMPILE_PREFIX_HEADER = YES;
				GCC_PREFIX_HEADER = "Hello_Empty/Hello_Empty-Prefix.pch";
				INFOPLIST_FILE = "Hello_Empty/Hello_Empty-Info.plist";
				PRODUCT_NAME = "$(TARGET_NAME)";
				WRAPPER_EXTENSION = app;
			};
			name = Debug;
		};
		51DC55C11671C190006840E5 /* Release */ = {
			isa = XCBuildConfiguration;
			buildSettings = {
				GCC_PRECOMPILE_PREFIX_HEADER = YES;
				GCC_PREFIX_HEADER = "Hello_Empty/Hello_Empty-Prefix.pch";
				INFOPLIST_FILE = "Hello_Empty/Hello_Empty-Info.plist";
				PRODUCT_NAME = "$(TARGET_NAME)";
				WRAPPER_EXTENSION = app;
			};
			name = Release;
		};
/* End XCBuildConfiguration section */

/* Begin XCConfigurationList section */
		51DC559B1671C190006840E5 /* Build configuration list for PBXProject "Hello_Empty" */ = {
			isa = XCConfigurationList;
			buildConfigurations = (
				51DC55BD1671C190006840E5 /* Debug */,
				51DC55BE1671C190006840E5 /* Release */,
			);
			defaultConfigurationIsVisible = 0;
			defaultConfigurationName = Release;
		};
		51DC55BF1671C190006840E5 /* Build configuration list for PBXNativeTarget "Hello_Empty" */ = {
			isa = XCConfigurationList;
			buildConfigurations = (
				51DC55C01671C190006840E5 /* Debug */,
				51DC55C11671C190006840E5 /* Release */,
			);
			defaultConfigurationIsVisible = 0;
		};
/* End XCConfigurationList section */
	};
	rootObject = 51DC55981671C190006840E5 /* Project object */;
}
